
Microsoft Visual Studio Solution File, Format Version 12.00
# Visual Studio Version 16
VisualStudioVersion = 16.0.31515.178
MinimumVisualStudioVersion = 10.0.40219.1
Project("{8BC9CEB8-8B4A-11D0-8D11-00A0C91BC942}") = "Department", "Inheritants.vcxproj", "{8DB379D6-D1B6-4B6D-B61F-7C56A1F76C81}"
EndProject
Project("{8BC9CEB8-8B4A-11D0-8D11-00A0C91BC942}") = "Academy", "..\Academy\Academy.vcxproj", "{EAA210E7-93C1-4F51-95A4-9B1A0C2E044E}"
EndProject
Project("{8BC9CEB8-8B4A-11D0-8D11-00A0C91BC942}") = "Abstract", "..\Abstract\Abstract.vcxproj", "{A7B7FBA3-D7B7-44CC-A109-14996A9DFEEE}"
EndProject
Project("{8BC9CEB8-8B4A-11D0-8D11-00A0C91BC942}") = "Geometry", "..\Geometry\Geometry.vcxproj", "{6F430EBA-EA95-422D-B234-286CAA595267}"
EndProject
Project("{8BC9CEB8-8B4A-11D0-8D11-00A0C91BC942}") = "Geo 2.0", "..\Geo 2.0\Geo 2.0.vcxproj", "{22F4A84A-A355-458E-A0BF-574F8DF074BA}"
EndProject
Project("{8BC9CEB8-8B4A-11D0-8D11-00A0C91BC942}") = "Geo", "..\Geo\Geo.vcxproj", "{33CE039E-AFDE-4313-929E-EDA7648136F6}"
EndProject
Global
	GlobalSection(SolutionConfigurationPlatforms) = preSolution
		Debug|x64 = Debug|x64
		Debug|x86 = Debug|x86
		Release|x64 = Release|x64
		Release|x86 = Release|x86
	EndGlobalSection
	GlobalSection(ProjectConfigurationPlatforms) = postSolution
		{8DB379D6-D1B6-4B6D-B61F-7C56A1F76C81}.Debug|x64.ActiveCfg = Debug|x64
		{8DB379D6-D1B6-4B6D-B61F-7C56A1F76C81}.Debug|x64.Build.0 = Debug|x64
		{8DB379D6-D1B6-4B6D-B61F-7C56A1F76C81}.Debug|x86.ActiveCfg = Debug|Win32
		{8DB379D6-D1B6-4B6D-B61F-7C56A1F76C81}.Debug|x86.Build.0 = Debug|Win32
		{8DB379D6-D1B6-4B6D-B61F-7C56A1F76C81}.Release|x64.ActiveCfg = Release|x64
		{8DB379D6-D1B6-4B6D-B61F-7C56A1F76C81}.Release|x64.Build.0 = Release|x64
		{8DB379D6-D1B6-4B6D-B61F-7C56A1F76C81}.Release|x86.ActiveCfg = Release|Win32
		{8DB379D6-D1B6-4B6D-B61F-7C56A1F76C81}.Release|x86.Build.0 = Release|Win32
		{EAA210E7-93C1-4F51-95A4-9B1A0C2E044E}.Debug|x64.ActiveCfg = Debug|x64
		{EAA210E7-93C1-4F51-95A4-9B1A0C2E044E}.Debug|x64.Build.0 = Debug|x64
		{EAA210E7-93C1-4F51-95A4-9B1A0C2E044E}.Debug|x86.ActiveCfg = Debug|Win32
		{EAA210E7-93C1-4F51-95A4-9B1A0C2E044E}.Debug|x86.Build.0 = Debug|Win32
		{EAA210E7-93C1-4F51-95A4-9B1A0C2E044E}.Release|x64.ActiveCfg = Release|x64
		{EAA210E7-93C1-4F51-95A4-9B1A0C2E044E}.Release|x64.Build.0 = Release|x64
		{EAA210E7-93C1-4F51-95A4-9B1A0C2E044E}.Release|x86.ActiveCfg = Release|Win32
		{EAA210E7-93C1-4F51-95A4-9B1A0C2E044E}.Release|x86.Build.0 = Release|Win32
		{A7B7FBA3-D7B7-44CC-A109-14996A9DFEEE}.Debug|x64.ActiveCfg = Debug|x64
		{A7B7FBA3-D7B7-44CC-A109-14996A9DFEEE}.Debug|x64.Build.0 = Debug|x64
		{A7B7FBA3-D7B7-44CC-A109-14996A9DFEEE}.Debug|x86.ActiveCfg = Debug|Win32
		{A7B7FBA3-D7B7-44CC-A109-14996A9DFEEE}.Debug|x86.Build.0 = Debug|Win32
		{A7B7FBA3-D7B7-44CC-A109-14996A9DFEEE}.Release|x64.ActiveCfg = Release|x64
		{A7B7FBA3-D7B7-44CC-A109-14996A9DFEEE}.Release|x64.Build.0 = Release|x64
		{A7B7FBA3-D7B7-44CC-A109-14996A9DFEEE}.Release|x86.ActiveCfg = Release|Win32
		{A7B7FBA3-D7B7-44CC-A109-14996A9DFEEE}.Release|x86.Build.0 = Release|Win32
		{6F430EBA-EA95-422D-B234-286CAA595267}.Debug|x64.ActiveCfg = Debug|x64
		{6F430EBA-EA95-422D-B234-286CAA595267}.Debug|x64.Build.0 = Debug|x64
		{6F430EBA-EA95-422D-B234-286CAA595267}.Debug|x86.ActiveCfg = Debug|Win32
		{6F430EBA-EA95-422D-B234-286CAA595267}.Debug|x86.Build.0 = Debug|Win32
		{6F430EBA-EA95-422D-B234-286CAA595267}.Release|x64.ActiveCfg = Release|x64
		{6F430EBA-EA95-422D-B234-286CAA595267}.Release|x64.Build.0 = Release|x64
		{6F430EBA-EA95-422D-B234-286CAA595267}.Release|x86.ActiveCfg = Release|Win32
		{6F430EBA-EA95-422D-B234-286CAA595267}.Release|x86.Build.0 = Release|Win32
		{22F4A84A-A355-458E-A0BF-574F8DF074BA}.Debug|x64.ActiveCfg = Debug|x64
		{22F4A84A-A355-458E-A0BF-574F8DF074BA}.Debug|x64.Build.0 = Debug|x64
		{22F4A84A-A355-458E-A0BF-574F8DF074BA}.Debug|x86.ActiveCfg = Debug|Win32
		{22F4A84A-A355-458E-A0BF-574F8DF074BA}.Debug|x86.Build.0 = Debug|Win32
		{22F4A84A-A355-458E-A0BF-574F8DF074BA}.Release|x64.ActiveCfg = Release|x64
		{22F4A84A-A355-458E-A0BF-574F8DF074BA}.Release|x64.Build.0 = Release|x64
		{22F4A84A-A355-458E-A0BF-574F8DF074BA}.Release|x86.ActiveCfg = Release|Win32
		{22F4A84A-A355-458E-A0BF-574F8DF074BA}.Release|x86.Build.0 = Release|Win32
		{33CE039E-AFDE-4313-929E-EDA7648136F6}.Debug|x64.ActiveCfg = Debug|x64
		{33CE039E-AFDE-4313-929E-EDA7648136F6}.Debug|x64.Build.0 = Debug|x64
		{33CE039E-AFDE-4313-929E-EDA7648136F6}.Debug|x86.ActiveCfg = Debug|Win32
		{33CE039E-AFDE-4313-929E-EDA7648136F6}.Debug|x86.Build.0 = Debug|Win32
		{33CE039E-AFDE-4313-929E-EDA7648136F6}.Release|x64.ActiveCfg = Release|x64
		{33CE039E-AFDE-4313-929E-EDA7648136F6}.Release|x64.Build.0 = Release|x64
		{33CE039E-AFDE-4313-929E-EDA7648136F6}.Release|x86.ActiveCfg = Release|Win32
		{33CE039E-AFDE-4313-929E-EDA7648136F6}.Release|x86.Build.0 = Release|Win32
	EndGlobalSection
	GlobalSection(SolutionProperties) = preSolution
		HideSolutionNode = FALSE
	EndGlobalSection
	GlobalSection(ExtensibilityGlobals) = postSolution
		SolutionGuid = {CDE8F075-B60D-46DE-B8E6-A7EB1E5D7667}
	EndGlobalSection
EndGlobal
